
Microsoft Visual Studio Solution File, Format Version 12.00
# Visual Studio Version 17
VisualStudioVersion = 17.0.31903.59
MinimumVisualStudioVersion = 10.0.40219.1
Project("{2150E333-8FDC-42A3-9474-1A3956D46DE8}") = "src", "src", "{827E0CD3-B72D-47B6-A68D-7590B98EB39B}"
EndProject
Project("{FAE04EC0-301F-11D3-BF4B-00C04F79EFBC}") = "OrderTestingLab.API", "src\OrderTestingLab.API\OrderTestingLab.API.csproj", "{7F902AD5-E335-4F94-AF04-18EDE7A0543C}"
EndProject
Project("{FAE04EC0-301F-11D3-BF4B-00C04F79EFBC}") = "OrderTestingLab.UnitTests", "tests\OrderTestingLab.UnitTests\OrderTestingLab.UnitTests.csproj", "{B3D303E1-C52B-4C17-96D0-EB01B07C6134}"
EndProject
Project("{FAE04EC0-301F-11D3-BF4B-00C04F79EFBC}") = "OrderTestingLab.IntegrationTests", "tests\OrderTestingLab.IntegrationTests\OrderTestingLab.IntegrationTests.csproj", "{3390AB44-C01D-49DB-A40E-CB9BFB35BDCF}"
EndProject
Project("{2150E333-8FDC-42A3-9474-1A3956D46DE8}") = "tests", "tests", "{0AB3BF05-4346-4AA6-1389-037BE0695223}"
EndProject
Project("{FAE04EC0-301F-11D3-BF4B-00C04F79EFBC}") = "OrderTestingLab.E2ETests", "tests\OrderTestingLab.E2ETests\OrderTestingLab.E2ETests.csproj", "{DAACBCB1-C84B-4776-BD16-A27D1F35719F}"
EndProject
Project("{FAE04EC0-301F-11D3-BF4B-00C04F79EFBC}") = "OrderTestingLab.AuthIntegrationTests", "tests\OrderTestingLab.AuthIntegrationTests\OrderTestingLab.AuthIntegrationTests.csproj", "{043D9B22-8835-4ECD-BA53-82AB8E1CF912}"
EndProject
Project("{FAE04EC0-301F-11D3-BF4B-00C04F79EFBC}") = "OrderTestingLab.TestcontainersTests", "tests\OrderTestingLab.TestcontainersTests\OrderTestingLab.TestcontainersTests.csproj", "{F0B0876B-8A30-4F9D-A181-3111278FC6C1}"
EndProject
Project("{FAE04EC0-301F-11D3-BF4B-00C04F79EFBC}") = "OrderTestingLab.Testing.Common", "tests\OrderTestingLab.Testing.Common\OrderTestingLab.Testing.Common.csproj", "{73ABAD49-39DB-49B7-BF14-5B9BD4D62534}"
EndProject
Global
	GlobalSection(SolutionConfigurationPlatforms) = preSolution
		Debug|Any CPU = Debug|Any CPU
		Debug|x64 = Debug|x64
		Debug|x86 = Debug|x86
		Release|Any CPU = Release|Any CPU
		Release|x64 = Release|x64
		Release|x86 = Release|x86
	EndGlobalSection
	GlobalSection(ProjectConfigurationPlatforms) = postSolution
		{7F902AD5-E335-4F94-AF04-18EDE7A0543C}.Debug|Any CPU.ActiveCfg = Debug|Any CPU
		{7F902AD5-E335-4F94-AF04-18EDE7A0543C}.Debug|Any CPU.Build.0 = Debug|Any CPU
		{7F902AD5-E335-4F94-AF04-18EDE7A0543C}.Debug|x64.ActiveCfg = Debug|Any CPU
		{7F902AD5-E335-4F94-AF04-18EDE7A0543C}.Debug|x64.Build.0 = Debug|Any CPU
		{7F902AD5-E335-4F94-AF04-18EDE7A0543C}.Debug|x86.ActiveCfg = Debug|Any CPU
		{7F902AD5-E335-4F94-AF04-18EDE7A0543C}.Debug|x86.Build.0 = Debug|Any CPU
		{7F902AD5-E335-4F94-AF04-18EDE7A0543C}.Release|Any CPU.ActiveCfg = Release|Any CPU
		{7F902AD5-E335-4F94-AF04-18EDE7A0543C}.Release|Any CPU.Build.0 = Release|Any CPU
		{7F902AD5-E335-4F94-AF04-18EDE7A0543C}.Release|x64.ActiveCfg = Release|Any CPU
		{7F902AD5-E335-4F94-AF04-18EDE7A0543C}.Release|x64.Build.0 = Release|Any CPU
		{7F902AD5-E335-4F94-AF04-18EDE7A0543C}.Release|x86.ActiveCfg = Release|Any CPU
		{7F902AD5-E335-4F94-AF04-18EDE7A0543C}.Release|x86.Build.0 = Release|Any CPU
		{B3D303E1-C52B-4C17-96D0-EB01B07C6134}.Debug|Any CPU.ActiveCfg = Debug|Any CPU
		{B3D303E1-C52B-4C17-96D0-EB01B07C6134}.Debug|Any CPU.Build.0 = Debug|Any CPU
		{B3D303E1-C52B-4C17-96D0-EB01B07C6134}.Debug|x64.ActiveCfg = Debug|Any CPU
		{B3D303E1-C52B-4C17-96D0-EB01B07C6134}.Debug|x64.Build.0 = Debug|Any CPU
		{B3D303E1-C52B-4C17-96D0-EB01B07C6134}.Debug|x86.ActiveCfg = Debug|Any CPU
		{B3D303E1-C52B-4C17-96D0-EB01B07C6134}.Debug|x86.Build.0 = Debug|Any CPU
		{B3D303E1-C52B-4C17-96D0-EB01B07C6134}.Release|Any CPU.ActiveCfg = Release|Any CPU
		{B3D303E1-C52B-4C17-96D0-EB01B07C6134}.Release|Any CPU.Build.0 = Release|Any CPU
		{B3D303E1-C52B-4C17-96D0-EB01B07C6134}.Release|x64.ActiveCfg = Release|Any CPU
		{B3D303E1-C52B-4C17-96D0-EB01B07C6134}.Release|x64.Build.0 = Release|Any CPU
		{B3D303E1-C52B-4C17-96D0-EB01B07C6134}.Release|x86.ActiveCfg = Release|Any CPU
		{B3D303E1-C52B-4C17-96D0-EB01B07C6134}.Release|x86.Build.0 = Release|Any CPU
		{3390AB44-C01D-49DB-A40E-CB9BFB35BDCF}.Debug|Any CPU.ActiveCfg = Debug|Any CPU
		{3390AB44-C01D-49DB-A40E-CB9BFB35BDCF}.Debug|Any CPU.Build.0 = Debug|Any CPU
		{3390AB44-C01D-49DB-A40E-CB9BFB35BDCF}.Debug|x64.ActiveCfg = Debug|Any CPU
		{3390AB44-C01D-49DB-A40E-CB9BFB35BDCF}.Debug|x64.Build.0 = Debug|Any CPU
		{3390AB44-C01D-49DB-A40E-CB9BFB35BDCF}.Debug|x86.ActiveCfg = Debug|Any CPU
		{3390AB44-C01D-49DB-A40E-CB9BFB35BDCF}.Debug|x86.Build.0 = Debug|Any CPU
		{3390AB44-C01D-49DB-A40E-CB9BFB35BDCF}.Release|Any CPU.ActiveCfg = Release|Any CPU
		{3390AB44-C01D-49DB-A40E-CB9BFB35BDCF}.Release|Any CPU.Build.0 = Release|Any CPU
		{3390AB44-C01D-49DB-A40E-CB9BFB35BDCF}.Release|x64.ActiveCfg = Release|Any CPU
		{3390AB44-C01D-49DB-A40E-CB9BFB35BDCF}.Release|x64.Build.0 = Release|Any CPU
		{3390AB44-C01D-49DB-A40E-CB9BFB35BDCF}.Release|x86.ActiveCfg = Release|Any CPU
		{3390AB44-C01D-49DB-A40E-CB9BFB35BDCF}.Release|x86.Build.0 = Release|Any CPU
		{DAACBCB1-C84B-4776-BD16-A27D1F35719F}.Debug|Any CPU.ActiveCfg = Debug|Any CPU
		{DAACBCB1-C84B-4776-BD16-A27D1F35719F}.Debug|Any CPU.Build.0 = Debug|Any CPU
		{DAACBCB1-C84B-4776-BD16-A27D1F35719F}.Debug|x64.ActiveCfg = Debug|Any CPU
		{DAACBCB1-C84B-4776-BD16-A27D1F35719F}.Debug|x64.Build.0 = Debug|Any CPU
		{DAACBCB1-C84B-4776-BD16-A27D1F35719F}.Debug|x86.ActiveCfg = Debug|Any CPU
		{DAACBCB1-C84B-4776-BD16-A27D1F35719F}.Debug|x86.Build.0 = Debug|Any CPU
		{DAACBCB1-C84B-4776-BD16-A27D1F35719F}.Release|Any CPU.ActiveCfg = Release|Any CPU
		{DAACBCB1-C84B-4776-BD16-A27D1F35719F}.Release|Any CPU.Build.0 = Release|Any CPU
		{DAACBCB1-C84B-4776-BD16-A27D1F35719F}.Release|x64.ActiveCfg = Release|Any CPU
		{DAACBCB1-C84B-4776-BD16-A27D1F35719F}.Release|x64.Build.0 = Release|Any CPU
		{DAACBCB1-C84B-4776-BD16-A27D1F35719F}.Release|x86.ActiveCfg = Release|Any CPU
		{DAACBCB1-C84B-4776-BD16-A27D1F35719F}.Release|x86.Build.0 = Release|Any CPU
		{043D9B22-8835-4ECD-BA53-82AB8E1CF912}.Debug|Any CPU.ActiveCfg = Debug|Any CPU
		{043D9B22-8835-4ECD-BA53-82AB8E1CF912}.Debug|Any CPU.Build.0 = Debug|Any CPU
		{043D9B22-8835-4ECD-BA53-82AB8E1CF912}.Debug|x64.ActiveCfg = Debug|Any CPU
		{043D9B22-8835-4ECD-BA53-82AB8E1CF912}.Debug|x64.Build.0 = Debug|Any CPU
		{043D9B22-8835-4ECD-BA53-82AB8E1CF912}.Debug|x86.ActiveCfg = Debug|Any CPU
		{043D9B22-8835-4ECD-BA53-82AB8E1CF912}.Debug|x86.Build.0 = Debug|Any CPU
		{043D9B22-8835-4ECD-BA53-82AB8E1CF912}.Release|Any CPU.ActiveCfg = Release|Any CPU
		{043D9B22-8835-4ECD-BA53-82AB8E1CF912}.Release|Any CPU.Build.0 = Release|Any CPU
		{043D9B22-8835-4ECD-BA53-82AB8E1CF912}.Release|x64.ActiveCfg = Release|Any CPU
		{043D9B22-8835-4ECD-BA53-82AB8E1CF912}.Release|x64.Build.0 = Release|Any CPU
		{043D9B22-8835-4ECD-BA53-82AB8E1CF912}.Release|x86.ActiveCfg = Release|Any CPU
		{043D9B22-8835-4ECD-BA53-82AB8E1CF912}.Release|x86.Build.0 = Release|Any CPU
		{F0B0876B-8A30-4F9D-A181-3111278FC6C1}.Debug|Any CPU.ActiveCfg = Debug|Any CPU
		{F0B0876B-8A30-4F9D-A181-3111278FC6C1}.Debug|Any CPU.Build.0 = Debug|Any CPU
		{F0B0876B-8A30-4F9D-A181-3111278FC6C1}.Debug|x64.ActiveCfg = Debug|Any CPU
		{F0B0876B-8A30-4F9D-A181-3111278FC6C1}.Debug|x64.Build.0 = Debug|Any CPU
		{F0B0876B-8A30-4F9D-A181-3111278FC6C1}.Debug|x86.ActiveCfg = Debug|Any CPU
		{F0B0876B-8A30-4F9D-A181-3111278FC6C1}.Debug|x86.Build.0 = Debug|Any CPU
		{F0B0876B-8A30-4F9D-A181-3111278FC6C1}.Release|Any CPU.ActiveCfg = Release|Any CPU
		{F0B0876B-8A30-4F9D-A181-3111278FC6C1}.Release|Any CPU.Build.0 = Release|Any CPU
		{F0B0876B-8A30-4F9D-A181-3111278FC6C1}.Release|x64.ActiveCfg = Release|Any CPU
		{F0B0876B-8A30-4F9D-A181-3111278FC6C1}.Release|x64.Build.0 = Release|Any CPU
		{F0B0876B-8A30-4F9D-A181-3111278FC6C1}.Release|x86.ActiveCfg = Release|Any CPU
		{F0B0876B-8A30-4F9D-A181-3111278FC6C1}.Release|x86.Build.0 = Release|Any CPU
		{73ABAD49-39DB-49B7-BF14-5B9BD4D62534}.Debug|Any CPU.ActiveCfg = Debug|Any CPU
		{73ABAD49-39DB-49B7-BF14-5B9BD4D62534}.Debug|Any CPU.Build.0 = Debug|Any CPU
		{73ABAD49-39DB-49B7-BF14-5B9BD4D62534}.Debug|x64.ActiveCfg = Debug|Any CPU
		{73ABAD49-39DB-49B7-BF14-5B9BD4D62534}.Debug|x64.Build.0 = Debug|Any CPU
		{73ABAD49-39DB-49B7-BF14-5B9BD4D62534}.Debug|x86.ActiveCfg = Debug|Any CPU
		{73ABAD49-39DB-49B7-BF14-5B9BD4D62534}.Debug|x86.Build.0 = Debug|Any CPU
		{73ABAD49-39DB-49B7-BF14-5B9BD4D62534}.Release|Any CPU.ActiveCfg = Release|Any CPU
		{73ABAD49-39DB-49B7-BF14-5B9BD4D62534}.Release|Any CPU.Build.0 = Release|Any CPU
		{73ABAD49-39DB-49B7-BF14-5B9BD4D62534}.Release|x64.ActiveCfg = Release|Any CPU
		{73ABAD49-39DB-49B7-BF14-5B9BD4D62534}.Release|x64.Build.0 = Release|Any CPU
		{73ABAD49-39DB-49B7-BF14-5B9BD4D62534}.Release|x86.ActiveCfg = Release|Any CPU
		{73ABAD49-39DB-49B7-BF14-5B9BD4D62534}.Release|x86.Build.0 = Release|Any CPU
	EndGlobalSection
	GlobalSection(SolutionProperties) = preSolution
		HideSolutionNode = FALSE
	EndGlobalSection
	GlobalSection(NestedProjects) = preSolution
		{7F902AD5-E335-4F94-AF04-18EDE7A0543C} = {827E0CD3-B72D-47B6-A68D-7590B98EB39B}
		{B3D303E1-C52B-4C17-96D0-EB01B07C6134} = {0AB3BF05-4346-4AA6-1389-037BE0695223}
		{3390AB44-C01D-49DB-A40E-CB9BFB35BDCF} = {0AB3BF05-4346-4AA6-1389-037BE0695223}
		{DAACBCB1-C84B-4776-BD16-A27D1F35719F} = {0AB3BF05-4346-4AA6-1389-037BE0695223}
		{043D9B22-8835-4ECD-BA53-82AB8E1CF912} = {0AB3BF05-4346-4AA6-1389-037BE0695223}
		{F0B0876B-8A30-4F9D-A181-3111278FC6C1} = {0AB3BF05-4346-4AA6-1389-037BE0695223}
		{73ABAD49-39DB-49B7-BF14-5B9BD4D62534} = {0AB3BF05-4346-4AA6-1389-037BE0695223}
	EndGlobalSection
EndGlobal
